
Microsoft Visual Studio Solution File, Format Version 12.00
# Visual Studio Version 16
VisualStudioVersion = 16.0.31025.194
MinimumVisualStudioVersion = 10.0.40219.1
Project("{FAE04EC0-301F-11D3-BF4B-00C04F79EFBC}") = "DZ_DBBooks_EF_DatabeseFirst", "DZ_DBBooks_EF_DatabeseFirst.csproj", "{1201976C-C180-4551-8619-BBEFC78DBFBD}"
EndProject
Global
	GlobalSection(SolutionConfigurationPlatforms) = preSolution
		Debug|Any CPU = Debug|Any CPU
		Release|Any CPU = Release|Any CPU
	EndGlobalSection
	GlobalSection(ProjectConfigurationPlatforms) = postSolution
		{1201976C-C180-4551-8619-BBEFC78DBFBD}.Debug|Any CPU.ActiveCfg = Debug|Any CPU
		{1201976C-C180-4551-8619-BBEFC78DBFBD}.Debug|Any CPU.Build.0 = Debug|Any CPU
		{1201976C-C180-4551-8619-BBEFC78DBFBD}.Release|Any CPU.ActiveCfg = Release|Any CPU
		{1201976C-C180-4551-8619-BBEFC78DBFBD}.Release|Any CPU.Build.0 = Release|Any CPU
	EndGlobalSection
	GlobalSection(SolutionProperties) = preSolution
		HideSolutionNode = FALSE
	EndGlobalSection
	GlobalSection(ExtensibilityGlobals) = postSolution
		SolutionGuid = {CEF6D04C-1073-4FDA-A927-7D1EAE57309F}
	EndGlobalSection
EndGlobal
